{
  "version": 4,
  "terraform_version": "1.1.3",
  "serial": 16,
  "lineage": "c733bfd6-2a28-ac6a-3db3-ffc62f1e766b",
  "outputs": {
    "vnetname": {
      "value": {
        "address_space": [
          "10.0.0.0/16",
          "192.168.0.0/16"
        ],
        "bgp_community": "",
        "ddos_protection_plan": [],
        "dns_servers": [],
        "flow_timeout_in_minutes": 0,
        "guid": "000e172a-a601-4bec-9dde-1592a53c9aec",
        "id": "/subscriptions/c9667bd5-073e-4417-87e8-c1bdcf155129/resourceGroups/rg-variables/providers/Microsoft.Network/virtualNetworks/vnet-terraform-course",
        "location": "eastus",
        "name": "vnet-terraform-course",
        "resource_group_name": "rg-variables",
        "subnet": [],
        "tags": null,
        "timeouts": null,
        "vm_protection_enabled": false
      },
      "type": [
        "object",
        {
          "address_space": [
            "list",
            "string"
          ],
          "bgp_community": "string",
          "ddos_protection_plan": [
            "list",
            [
              "object",
              {
                "enable": "bool",
                "id": "string"
              }
            ]
          ],
          "dns_servers": [
            "list",
            "string"
          ],
          "flow_timeout_in_minutes": "number",
          "guid": "string",
          "id": "string",
          "location": "string",
          "name": "string",
          "resource_group_name": "string",
          "subnet": [
            "set",
            [
              "object",
              {
                "address_prefix": "string",
                "id": "string",
                "name": "string",
                "security_group": "string"
              }
            ]
          ],
          "tags": [
            "map",
            "string"
          ],
          "timeouts": [
            "object",
            {
              "create": "string",
              "delete": "string",
              "read": "string",
              "update": "string"
            }
          ],
          "vm_protection_enabled": "bool"
        }
      ]
    }
  },
  "resources": [
    {
      "mode": "managed",
      "type": "azurerm_resource_group",
      "name": "resource-group",
      "provider": "provider[\"registry.terraform.io/hashicorp/azurerm\"]",
      "instances": [
        {
          "schema_version": 0,
          "attributes": {
            "id": "/subscriptions/c9667bd5-073e-4417-87e8-c1bdcf155129/resourceGroups/rg-variables",
            "location": "eastus",
            "name": "rg-variables",
            "tags": {
              "environment": "development",
              "responsable": "Thiago Cruz"
            },
            "timeouts": null
          },
          "sensitive_attributes": [],
          "private": "eyJlMmJmYjczMC1lY2FhLTExZTYtOGY4OC0zNDM2M2JjN2M0YzAiOnsiY3JlYXRlIjo1NDAwMDAwMDAwMDAwLCJkZWxldGUiOjU0MDAwMDAwMDAwMDAsInJlYWQiOjMwMDAwMDAwMDAwMCwidXBkYXRlIjo1NDAwMDAwMDAwMDAwfX0="
        }
      ]
    },
    {
      "mode": "managed",
      "type": "azurerm_virtual_network",
      "name": "vnet",
      "provider": "provider[\"registry.terraform.io/hashicorp/azurerm\"]",
      "instances": [
        {
          "schema_version": 0,
          "attributes": {
            "address_space": [
              "10.0.0.0/16",
              "192.168.0.0/16"
            ],
            "bgp_community": "",
            "ddos_protection_plan": [],
            "dns_servers": [],
            "flow_timeout_in_minutes": 0,
            "guid": "000e172a-a601-4bec-9dde-1592a53c9aec",
            "id": "/subscriptions/c9667bd5-073e-4417-87e8-c1bdcf155129/resourceGroups/rg-variables/providers/Microsoft.Network/virtualNetworks/vnet-terraform-course",
            "location": "eastus",
            "name": "vnet-terraform-course",
            "resource_group_name": "rg-variables",
            "subnet": [],
            "tags": null,
            "timeouts": null,
            "vm_protection_enabled": false
          },
          "sensitive_attributes": [],
          "private": "eyJlMmJmYjczMC1lY2FhLTExZTYtOGY4OC0zNDM2M2JjN2M0YzAiOnsiY3JlYXRlIjoxODAwMDAwMDAwMDAwLCJkZWxldGUiOjE4MDAwMDAwMDAwMDAsInJlYWQiOjMwMDAwMDAwMDAwMCwidXBkYXRlIjoxODAwMDAwMDAwMDAwfX0=",
          "dependencies": [
            "azurerm_resource_group.resource-group"
          ]
        }
      ]
    }
  ]
}
