{
  "version": 4,
  "terraform_version": "1.1.3",
  "serial": 13,
  "lineage": "5ebe413e-efa6-4fdd-c4ad-484f0ca94e5c",
  "outputs": {},
  "resources": [
    {
      "mode": "data",
      "type": "azurerm_client_config",
      "name": "current",
      "provider": "provider[\"registry.terraform.io/hashicorp/azurerm\"]",
      "instances": [
        {
          "schema_version": 0,
          "attributes": {
            "client_id": "04b07795-8ddb-461a-bbee-02f9e1bf7b46",
            "id": "2022-01-20 16:43:50.2339737 +0000 UTC",
            "object_id": "3a6c4220-bae2-4f8d-ae2a-dd0fe8721da2",
            "subscription_id": "c9667bd5-073e-4417-87e8-c1bdcf155129",
            "tenant_id": "b39eb355-4167-4fb5-9d45-81e9d2254cd2",
            "timeouts": null
          },
          "sensitive_attributes": []
        }
      ]
    },
    {
      "mode": "managed",
      "type": "azurerm_key_vault",
      "name": "keyvault",
      "provider": "provider[\"registry.terraform.io/hashicorp/azurerm\"]",
      "instances": [
        {
          "schema_version": 2,
          "attributes": {
            "access_policy": [
              {
                "application_id": "",
                "certificate_permissions": [
                  "List"
                ],
                "key_permissions": [
                  "Create",
                  "Get",
                  "List"
                ],
                "object_id": "3a6c4220-bae2-4f8d-ae2a-dd0fe8721da2",
                "secret_permissions": [
                  "Set",
                  "Get",
                  "Delete",
                  "Purge",
                  "Recover",
                  "List"
                ],
                "storage_permissions": [],
                "tenant_id": "b39eb355-4167-4fb5-9d45-81e9d2254cd2"
              }
            ],
            "contact": [],
            "enable_rbac_authorization": false,
            "enabled_for_deployment": false,
            "enabled_for_disk_encryption": false,
            "enabled_for_template_deployment": false,
            "id": "/subscriptions/c9667bd5-073e-4417-87e8-c1bdcf155129/resourceGroups/rg-keyvault/providers/Microsoft.KeyVault/vaults/keyvaulttfrj",
            "location": "brazilsouth",
            "name": "keyvaulttfrj",
            "network_acls": [
              {
                "bypass": "AzureServices",
                "default_action": "Allow",
                "ip_rules": [],
                "virtual_network_subnet_ids": []
              }
            ],
            "purge_protection_enabled": false,
            "resource_group_name": "rg-keyvault",
            "sku_name": "premium",
            "soft_delete_enabled": true,
            "soft_delete_retention_days": 7,
            "tags": {},
            "tenant_id": "b39eb355-4167-4fb5-9d45-81e9d2254cd2",
            "timeouts": null,
            "vault_uri": "https://keyvaulttfrj.vault.azure.net/"
          },
          "sensitive_attributes": [],
          "private": "eyJlMmJmYjczMC1lY2FhLTExZTYtOGY4OC0zNDM2M2JjN2M0YzAiOnsiY3JlYXRlIjoxODAwMDAwMDAwMDAwLCJkZWxldGUiOjE4MDAwMDAwMDAwMDAsInJlYWQiOjMwMDAwMDAwMDAwMCwidXBkYXRlIjoxODAwMDAwMDAwMDAwfSwic2NoZW1hX3ZlcnNpb24iOiIyIn0=",
          "dependencies": [
            "azurerm_resource_group.rg",
            "data.azurerm_client_config.current"
          ]
        }
      ]
    },
    {
      "mode": "managed",
      "type": "azurerm_resource_group",
      "name": "rg",
      "provider": "provider[\"registry.terraform.io/hashicorp/azurerm\"]",
      "instances": [
        {
          "schema_version": 0,
          "attributes": {
            "id": "/subscriptions/c9667bd5-073e-4417-87e8-c1bdcf155129/resourceGroups/rg-keyvault",
            "location": "brazilsouth",
            "name": "rg-keyvault",
            "tags": {},
            "timeouts": null
          },
          "sensitive_attributes": [],
          "private": "eyJlMmJmYjczMC1lY2FhLTExZTYtOGY4OC0zNDM2M2JjN2M0YzAiOnsiY3JlYXRlIjo1NDAwMDAwMDAwMDAwLCJkZWxldGUiOjU0MDAwMDAwMDAwMDAsInJlYWQiOjMwMDAwMDAwMDAwMCwidXBkYXRlIjo1NDAwMDAwMDAwMDAwfX0="
        }
      ]
    }
  ]
}
