{
  "version": 4,
  "terraform_version": "1.1.3",
  "serial": 4,
  "lineage": "66210791-d881-1b27-0610-1fd263e8862c",
  "outputs": {
    "url": {
      "value": "tfappserviceem-dev.azurewebsites.net",
      "type": "string"
    }
  },
  "resources": [
    {
      "mode": "managed",
      "type": "azurerm_app_service",
      "name": "appservice",
      "provider": "provider[\"registry.terraform.io/hashicorp/azurerm\"]",
      "instances": [
        {
          "schema_version": 0,
          "attributes": {
            "app_service_plan_id": "/subscriptions/c9667bd5-073e-4417-87e8-c1bdcf155129/resourceGroups/appservice-dev/providers/Microsoft.Web/serverfarms/azureserviceplandev",
            "app_settings": {
              "key": "123456"
            },
            "auth_settings": [
              {
                "active_directory": [],
                "additional_login_params": {},
                "allowed_external_redirect_urls": [],
                "default_provider": "",
                "enabled": false,
                "facebook": [],
                "google": [],
                "issuer": "",
                "microsoft": [],
                "runtime_version": "",
                "token_refresh_extension_hours": 0,
                "token_store_enabled": false,
                "twitter": [],
                "unauthenticated_client_action": ""
              }
            ],
            "backup": [],
            "client_affinity_enabled": false,
            "client_cert_enabled": false,
            "client_cert_mode": "Required",
            "connection_string": [],
            "custom_domain_verification_id": "E3B01766306F4ECB351AA99398F0C79FD325DA48619FCC221EBA1F53B92FAA8F",
            "default_site_hostname": "tfappserviceem-dev.azurewebsites.net",
            "enabled": true,
            "https_only": false,
            "id": "/subscriptions/c9667bd5-073e-4417-87e8-c1bdcf155129/resourceGroups/appservice-dev/providers/Microsoft.Web/sites/tfappserviceem-dev",
            "identity": [],
            "key_vault_reference_identity_id": "SystemAssigned",
            "location": "brazilsouth",
            "logs": [
              {
                "application_logs": [
                  {
                    "azure_blob_storage": [],
                    "file_system_level": "Off"
                  }
                ],
                "detailed_error_messages_enabled": false,
                "failed_request_tracing_enabled": false,
                "http_logs": [
                  {
                    "azure_blob_storage": [],
                    "file_system": []
                  }
                ]
              }
            ],
            "name": "tfappserviceem-dev",
            "outbound_ip_address_list": [
              "191.235.122.104",
              "191.235.124.79",
              "191.235.125.4",
              "191.235.125.23",
              "191.235.125.52",
              "191.235.125.91",
              "191.235.228.32"
            ],
            "outbound_ip_addresses": "191.235.122.104,191.235.124.79,191.235.125.4,191.235.125.23,191.235.125.52,191.235.125.91,191.235.228.32",
            "possible_outbound_ip_address_list": [
              "191.235.122.104",
              "191.235.124.79",
              "191.235.125.4",
              "191.235.125.23",
              "191.235.125.52",
              "191.235.125.91",
              "191.235.126.19",
              "191.235.126.24",
              "191.235.127.35",
              "191.235.118.110",
              "191.235.118.196",
              "191.233.27.183",
              "191.233.20.7",
              "191.234.220.13",
              "191.234.222.48",
              "191.234.222.97",
              "191.234.222.230",
              "191.234.222.235",
              "191.234.222.247",
              "191.233.22.106",
              "191.234.223.14",
              "191.234.223.74",
              "191.235.240.124",
              "191.234.223.107",
              "191.233.246.123",
              "191.235.118.229",
              "191.233.245.154",
              "20.195.170.145",
              "20.195.170.150",
              "20.195.170.191",
              "191.235.228.32"
            ],
            "possible_outbound_ip_addresses": "191.235.122.104,191.235.124.79,191.235.125.4,191.235.125.23,191.235.125.52,191.235.125.91,191.235.126.19,191.235.126.24,191.235.127.35,191.235.118.110,191.235.118.196,191.233.27.183,191.233.20.7,191.234.220.13,191.234.222.48,191.234.222.97,191.234.222.230,191.234.222.235,191.234.222.247,191.233.22.106,191.234.223.14,191.234.223.74,191.235.240.124,191.234.223.107,191.233.246.123,191.235.118.229,191.233.245.154,20.195.170.145,20.195.170.150,20.195.170.191,191.235.228.32",
            "resource_group_name": "appservice-dev",
            "site_config": [
              {
                "acr_use_managed_identity_credentials": false,
                "acr_user_managed_identity_client_id": "",
                "always_on": false,
                "app_command_line": "",
                "auto_swap_slot_name": "",
                "cors": [
                  {
                    "allowed_origins": [],
                    "support_credentials": false
                  }
                ],
                "default_documents": null,
                "dotnet_framework_version": "v4.0",
                "ftps_state": "AllAllowed",
                "health_check_path": "",
                "http2_enabled": false,
                "ip_restriction": [],
                "java_container": "",
                "java_container_version": "",
                "java_version": "",
                "linux_fx_version": "",
                "local_mysql_enabled": false,
                "managed_pipeline_mode": "Integrated",
                "min_tls_version": "1.2",
                "number_of_workers": 1,
                "php_version": "",
                "python_version": "",
                "remote_debugging_enabled": false,
                "remote_debugging_version": "VS2019",
                "scm_ip_restriction": [],
                "scm_type": "None",
                "scm_use_main_ip_restriction": false,
                "use_32_bit_worker_process": false,
                "vnet_route_all_enabled": false,
                "websockets_enabled": false,
                "windows_fx_version": ""
              }
            ],
            "site_credential": [
              {
                "password": "Rmu2SxfJzfnTobkLu19dqKPE937xbNpsrBrdP93y8dntkLxAJ6vMsp2kq5jw",
                "username": "$tfappserviceem-dev"
              }
            ],
            "source_control": [
              {
                "branch": "master",
                "manual_integration": false,
                "repo_url": "",
                "rollback_enabled": false,
                "use_mercurial": false
              }
            ],
            "storage_account": [],
            "tags": null,
            "timeouts": null
          },
          "sensitive_attributes": [],
          "private": "eyJlMmJmYjczMC1lY2FhLTExZTYtOGY4OC0zNDM2M2JjN2M0YzAiOnsiY3JlYXRlIjoxODAwMDAwMDAwMDAwLCJkZWxldGUiOjE4MDAwMDAwMDAwMDAsInJlYWQiOjMwMDAwMDAwMDAwMCwidXBkYXRlIjoxODAwMDAwMDAwMDAwfX0=",
          "dependencies": [
            "azurerm_app_service_plan.plan",
            "azurerm_resource_group.rg"
          ]
        }
      ]
    },
    {
      "mode": "managed",
      "type": "azurerm_app_service_plan",
      "name": "plan",
      "provider": "provider[\"registry.terraform.io/hashicorp/azurerm\"]",
      "instances": [
        {
          "schema_version": 0,
          "attributes": {
            "app_service_environment_id": "",
            "id": "/subscriptions/c9667bd5-073e-4417-87e8-c1bdcf155129/resourceGroups/appservice-dev/providers/Microsoft.Web/serverfarms/azureserviceplandev",
            "is_xenon": false,
            "kind": "Windows",
            "location": "brazilsouth",
            "maximum_elastic_worker_count": 1,
            "maximum_number_of_workers": 10,
            "name": "azureserviceplandev",
            "per_site_scaling": false,
            "reserved": false,
            "resource_group_name": "appservice-dev",
            "sku": [
              {
                "capacity": 1,
                "size": "S1",
                "tier": "Standard"
              }
            ],
            "tags": null,
            "timeouts": null,
            "zone_redundant": false
          },
          "sensitive_attributes": [],
          "private": "eyJlMmJmYjczMC1lY2FhLTExZTYtOGY4OC0zNDM2M2JjN2M0YzAiOnsiY3JlYXRlIjozNjAwMDAwMDAwMDAwLCJkZWxldGUiOjM2MDAwMDAwMDAwMDAsInJlYWQiOjMwMDAwMDAwMDAwMCwidXBkYXRlIjozNjAwMDAwMDAwMDAwfX0=",
          "dependencies": [
            "azurerm_resource_group.rg"
          ]
        }
      ]
    },
    {
      "mode": "managed",
      "type": "azurerm_resource_group",
      "name": "rg",
      "provider": "provider[\"registry.terraform.io/hashicorp/azurerm\"]",
      "instances": [
        {
          "schema_version": 0,
          "attributes": {
            "id": "/subscriptions/c9667bd5-073e-4417-87e8-c1bdcf155129/resourceGroups/appservice-dev",
            "location": "brazilsouth",
            "name": "appservice-dev",
            "tags": null,
            "timeouts": null
          },
          "sensitive_attributes": [],
          "private": "eyJlMmJmYjczMC1lY2FhLTExZTYtOGY4OC0zNDM2M2JjN2M0YzAiOnsiY3JlYXRlIjo1NDAwMDAwMDAwMDAwLCJkZWxldGUiOjU0MDAwMDAwMDAwMDAsInJlYWQiOjMwMDAwMDAwMDAwMCwidXBkYXRlIjo1NDAwMDAwMDAwMDAwfX0="
        }
      ]
    }
  ]
}
