{
  "version": 4,
  "terraform_version": "1.1.3",
  "serial": 11,
  "lineage": "90fe4fc1-1d2a-59cf-8a96-7f85a3f4169c",
  "outputs": {},
  "resources": [
    {
      "mode": "data",
      "type": "http",
      "name": "ip_address",
      "provider": "provider[\"registry.terraform.io/hashicorp/http\"]",
      "instances": [
        {
          "schema_version": 0,
          "attributes": {
            "body": "186.205.1.179",
            "id": "https://api.ipify.org",
            "request_headers": {
              "Accept": "text/plain"
            },
            "response_headers": {
              "Connection": "keep-alive",
              "Content-Length": "13",
              "Content-Type": "text/plain",
              "Date": "Mon, 24 Jan 2022 23:25:25 GMT",
              "Server": "Cowboy",
              "Vary": "Origin",
              "Via": "1.1 vegur"
            },
            "url": "https://api.ipify.org"
          },
          "sensitive_attributes": []
        }
      ]
    },
    {
      "mode": "managed",
      "type": "azurerm_mssql_database",
      "name": "mssqldatabase",
      "provider": "provider[\"registry.terraform.io/hashicorp/azurerm\"]",
      "instances": [
        {
          "schema_version": 1,
          "attributes": {
            "auto_pause_delay_in_minutes": 0,
            "collation": "SQL_Latin1_General_CP1_CI_AS",
            "create_mode": "Default",
            "creation_source_database_id": null,
            "elastic_pool_id": "",
            "extended_auditing_policy": [],
            "geo_backup_enabled": true,
            "id": "/subscriptions/c9667bd5-073e-4417-87e8-c1bdcf155129/resourceGroups/rg-sqldatabase/providers/Microsoft.Sql/servers/mssqlservertrainingtf/databases/db_terraform",
            "license_type": "",
            "long_term_retention_policy": [
              {
                "monthly_retention": "PT0S",
                "week_of_year": 0,
                "weekly_retention": "PT0S",
                "yearly_retention": "PT0S"
              }
            ],
            "max_size_gb": 2,
            "min_capacity": 0,
            "name": "db_terraform",
            "read_replica_count": 0,
            "read_scale": false,
            "recover_database_id": null,
            "restore_dropped_database_id": null,
            "restore_point_in_time": null,
            "sample_name": null,
            "server_id": "/subscriptions/c9667bd5-073e-4417-87e8-c1bdcf155129/resourceGroups/rg-sqldatabase/providers/Microsoft.Sql/servers/mssqlservertrainingtf",
            "short_term_retention_policy": [
              {
                "retention_days": 7
              }
            ],
            "sku_name": "Basic",
            "storage_account_type": "GRS",
            "tags": {},
            "threat_detection_policy": [
              {
                "disabled_alerts": [],
                "email_account_admins": "Disabled",
                "email_addresses": [],
                "retention_days": 0,
                "state": "Disabled",
                "storage_account_access_key": "",
                "storage_endpoint": "",
                "use_server_default": "Disabled"
              }
            ],
            "timeouts": null,
            "zone_redundant": false
          },
          "sensitive_attributes": [],
          "private": "eyJlMmJmYjczMC1lY2FhLTExZTYtOGY4OC0zNDM2M2JjN2M0YzAiOnsiY3JlYXRlIjozNjAwMDAwMDAwMDAwLCJkZWxldGUiOjM2MDAwMDAwMDAwMDAsInJlYWQiOjMwMDAwMDAwMDAwMCwidXBkYXRlIjozNjAwMDAwMDAwMDAwfSwic2NoZW1hX3ZlcnNpb24iOiIxIn0=",
          "dependencies": [
            "azurerm_sql_server.sqlserver"
          ]
        }
      ]
    },
    {
      "mode": "managed",
      "type": "azurerm_resource_group",
      "name": "rg",
      "provider": "provider[\"registry.terraform.io/hashicorp/azurerm\"]",
      "instances": [
        {
          "schema_version": 0,
          "attributes": {
            "id": "/subscriptions/c9667bd5-073e-4417-87e8-c1bdcf155129/resourceGroups/rg-sqldatabase",
            "location": "brazilsouth",
            "name": "rg-sqldatabase",
            "tags": {},
            "timeouts": null
          },
          "sensitive_attributes": [],
          "private": "eyJlMmJmYjczMC1lY2FhLTExZTYtOGY4OC0zNDM2M2JjN2M0YzAiOnsiY3JlYXRlIjo1NDAwMDAwMDAwMDAwLCJkZWxldGUiOjU0MDAwMDAwMDAwMDAsInJlYWQiOjMwMDAwMDAwMDAwMCwidXBkYXRlIjo1NDAwMDAwMDAwMDAwfX0="
        }
      ]
    },
    {
      "mode": "managed",
      "type": "azurerm_sql_database",
      "name": "azsqldatabase",
      "provider": "provider[\"registry.terraform.io/hashicorp/azurerm\"]",
      "instances": [
        {
          "schema_version": 0,
          "attributes": {
            "collation": "SQL_Latin1_General_CP1_CI_AS",
            "create_mode": "Default",
            "creation_date": "2022-01-24T19:10:26.29Z",
            "default_secondary_location": "South Central US",
            "edition": "GeneralPurpose",
            "elastic_pool_name": "",
            "encryption": "",
            "extended_auditing_policy": [],
            "id": "/subscriptions/c9667bd5-073e-4417-87e8-c1bdcf155129/resourceGroups/rg-sqldatabase/providers/Microsoft.Sql/servers/mssqlservertrainingtf/databases/azsqldatabase-terraform",
            "import": [],
            "location": "brazilsouth",
            "max_size_bytes": "34359738368",
            "max_size_gb": null,
            "name": "azsqldatabase-terraform",
            "read_scale": false,
            "requested_service_objective_id": "f21733ad-9b9b-4d4e-a4fa-94a133c41718",
            "requested_service_objective_name": "GP_Gen5_2",
            "resource_group_name": "rg-sqldatabase",
            "restore_point_in_time": null,
            "server_name": "mssqlservertrainingtf",
            "source_database_deletion_date": null,
            "source_database_id": null,
            "tags": {},
            "threat_detection_policy": [
              {
                "disabled_alerts": [],
                "email_account_admins": "Disabled",
                "email_addresses": [],
                "retention_days": 0,
                "state": "Disabled",
                "storage_account_access_key": "",
                "storage_endpoint": "",
                "use_server_default": "Disabled"
              }
            ],
            "timeouts": null,
            "zone_redundant": false
          },
          "sensitive_attributes": [],
          "private": "eyJlMmJmYjczMC1lY2FhLTExZTYtOGY4OC0zNDM2M2JjN2M0YzAiOnsiY3JlYXRlIjozNjAwMDAwMDAwMDAwLCJkZWxldGUiOjM2MDAwMDAwMDAwMDAsInJlYWQiOjMwMDAwMDAwMDAwMCwidXBkYXRlIjozNjAwMDAwMDAwMDAwfX0=",
          "dependencies": [
            "azurerm_resource_group.rg",
            "azurerm_sql_server.sqlserver"
          ]
        }
      ]
    },
    {
      "mode": "managed",
      "type": "azurerm_sql_firewall_rule",
      "name": "sqlfirewall-myip",
      "provider": "provider[\"registry.terraform.io/hashicorp/azurerm\"]",
      "instances": [
        {
          "schema_version": 0,
          "attributes": {
            "end_ip_address": "186.205.1.179",
            "id": "/subscriptions/c9667bd5-073e-4417-87e8-c1bdcf155129/resourceGroups/rg-sqldatabase/providers/Microsoft.Sql/servers/mssqlservertrainingtf/firewallRules/personal-ip",
            "name": "personal-ip",
            "resource_group_name": "rg-sqldatabase",
            "server_name": "mssqlservertrainingtf",
            "start_ip_address": "186.205.1.179",
            "timeouts": null
          },
          "sensitive_attributes": [],
          "private": "eyJlMmJmYjczMC1lY2FhLTExZTYtOGY4OC0zNDM2M2JjN2M0YzAiOnsiY3JlYXRlIjoxODAwMDAwMDAwMDAwLCJkZWxldGUiOjE4MDAwMDAwMDAwMDAsInJlYWQiOjMwMDAwMDAwMDAwMCwidXBkYXRlIjoxODAwMDAwMDAwMDAwfX0=",
          "dependencies": [
            "azurerm_resource_group.rg",
            "azurerm_sql_server.sqlserver",
            "data.http.ip_address"
          ]
        }
      ]
    },
    {
      "mode": "managed",
      "type": "azurerm_sql_server",
      "name": "sqlserver",
      "provider": "provider[\"registry.terraform.io/hashicorp/azurerm\"]",
      "instances": [
        {
          "schema_version": 0,
          "attributes": {
            "administrator_login": "adminstratorsqlserver",
            "administrator_login_password": "thisisNotMyP@$$word",
            "connection_policy": "Default",
            "extended_auditing_policy": [],
            "fully_qualified_domain_name": "mssqlservertrainingtf.database.windows.net",
            "id": "/subscriptions/c9667bd5-073e-4417-87e8-c1bdcf155129/resourceGroups/rg-sqldatabase/providers/Microsoft.Sql/servers/mssqlservertrainingtf",
            "identity": [],
            "location": "brazilsouth",
            "name": "mssqlservertrainingtf",
            "resource_group_name": "rg-sqldatabase",
            "tags": {},
            "threat_detection_policy": [
              {
                "disabled_alerts": [
                  ""
                ],
                "email_account_admins": false,
                "email_addresses": [
                  ""
                ],
                "retention_days": 0,
                "state": "Disabled",
                "storage_account_access_key": "",
                "storage_endpoint": ""
              }
            ],
            "timeouts": null,
            "version": "12.0"
          },
          "sensitive_attributes": [],
          "private": "eyJlMmJmYjczMC1lY2FhLTExZTYtOGY4OC0zNDM2M2JjN2M0YzAiOnsiY3JlYXRlIjozNjAwMDAwMDAwMDAwLCJkZWxldGUiOjM2MDAwMDAwMDAwMDAsInJlYWQiOjMwMDAwMDAwMDAwMCwidXBkYXRlIjozNjAwMDAwMDAwMDAwfX0=",
          "dependencies": [
            "azurerm_resource_group.rg"
          ]
        }
      ]
    }
  ]
}
