{
  "version": 4,
  "terraform_version": "1.1.3",
  "serial": 4,
  "lineage": "8e9719e1-c38d-c9a4-d3bc-b4477429127e",
  "outputs": {},
  "resources": [
    {
      "mode": "managed",
      "type": "azurerm_app_service",
      "name": "appservice",
      "provider": "provider[\"registry.terraform.io/hashicorp/azurerm\"]",
      "instances": [
        {
          "schema_version": 0,
          "attributes": {
            "app_service_plan_id": "/subscriptions/c9667bd5-073e-4417-87e8-c1bdcf155129/resourceGroups/appservice-prod/providers/Microsoft.Web/serverfarms/azureserviceplanprod",
            "app_settings": {
              "key": "123456"
            },
            "auth_settings": [
              {
                "active_directory": [],
                "additional_login_params": {},
                "allowed_external_redirect_urls": [],
                "default_provider": "",
                "enabled": false,
                "facebook": [],
                "google": [],
                "issuer": "",
                "microsoft": [],
                "runtime_version": "",
                "token_refresh_extension_hours": 0,
                "token_store_enabled": false,
                "twitter": [],
                "unauthenticated_client_action": ""
              }
            ],
            "backup": [],
            "client_affinity_enabled": false,
            "client_cert_enabled": false,
            "client_cert_mode": "Required",
            "connection_string": [],
            "custom_domain_verification_id": "E3B01766306F4ECB351AA99398F0C79FD325DA48619FCC221EBA1F53B92FAA8F",
            "default_site_hostname": "tfappserviceem-prod.azurewebsites.net",
            "enabled": true,
            "https_only": false,
            "id": "/subscriptions/c9667bd5-073e-4417-87e8-c1bdcf155129/resourceGroups/appservice-prod/providers/Microsoft.Web/sites/tfappserviceem-prod",
            "identity": [],
            "key_vault_reference_identity_id": "SystemAssigned",
            "location": "brazilsouth",
            "logs": [
              {
                "application_logs": [
                  {
                    "azure_blob_storage": [],
                    "file_system_level": "Off"
                  }
                ],
                "detailed_error_messages_enabled": false,
                "failed_request_tracing_enabled": false,
                "http_logs": [
                  {
                    "azure_blob_storage": [],
                    "file_system": []
                  }
                ]
              }
            ],
            "name": "tfappserviceem-prod",
            "outbound_ip_address_list": [
              "20.201.6.121",
              "191.237.206.157",
              "20.201.24.113",
              "20.201.24.164",
              "20.201.24.180",
              "20.201.24.187",
              "191.235.228.36"
            ],
            "outbound_ip_addresses": "20.201.6.121,191.237.206.157,20.201.24.113,20.201.24.164,20.201.24.180,20.201.24.187,191.235.228.36",
            "possible_outbound_ip_address_list": [
              "20.201.6.121",
              "191.237.206.157",
              "20.201.24.113",
              "20.201.24.164",
              "20.201.24.180",
              "20.201.24.187",
              "20.201.24.188",
              "20.201.24.189",
              "20.201.24.208",
              "20.201.24.239",
              "20.201.24.252",
              "20.201.25.48",
              "20.201.25.54",
              "20.201.25.55",
              "20.201.25.82",
              "20.201.25.83",
              "20.201.25.84",
              "191.237.206.210",
              "20.201.25.85",
              "20.201.25.94",
              "20.201.25.95",
              "20.201.25.102",
              "20.201.25.103",
              "20.201.25.232",
              "20.201.26.54",
              "20.201.26.55",
              "20.201.7.33",
              "20.201.7.34",
              "20.201.7.35",
              "20.201.24.117",
              "191.235.228.36"
            ],
            "possible_outbound_ip_addresses": "20.201.6.121,191.237.206.157,20.201.24.113,20.201.24.164,20.201.24.180,20.201.24.187,20.201.24.188,20.201.24.189,20.201.24.208,20.201.24.239,20.201.24.252,20.201.25.48,20.201.25.54,20.201.25.55,20.201.25.82,20.201.25.83,20.201.25.84,191.237.206.210,20.201.25.85,20.201.25.94,20.201.25.95,20.201.25.102,20.201.25.103,20.201.25.232,20.201.26.54,20.201.26.55,20.201.7.33,20.201.7.34,20.201.7.35,20.201.24.117,191.235.228.36",
            "resource_group_name": "appservice-prod",
            "site_config": [
              {
                "acr_use_managed_identity_credentials": false,
                "acr_user_managed_identity_client_id": "",
                "always_on": false,
                "app_command_line": "",
                "auto_swap_slot_name": "",
                "cors": [
                  {
                    "allowed_origins": [],
                    "support_credentials": false
                  }
                ],
                "default_documents": null,
                "dotnet_framework_version": "v4.0",
                "ftps_state": "AllAllowed",
                "health_check_path": "",
                "http2_enabled": false,
                "ip_restriction": [],
                "java_container": "",
                "java_container_version": "",
                "java_version": "",
                "linux_fx_version": "",
                "local_mysql_enabled": false,
                "managed_pipeline_mode": "Integrated",
                "min_tls_version": "1.2",
                "number_of_workers": 1,
                "php_version": "",
                "python_version": "",
                "remote_debugging_enabled": false,
                "remote_debugging_version": "VS2019",
                "scm_ip_restriction": [],
                "scm_type": "None",
                "scm_use_main_ip_restriction": false,
                "use_32_bit_worker_process": false,
                "vnet_route_all_enabled": false,
                "websockets_enabled": false,
                "windows_fx_version": ""
              }
            ],
            "site_credential": [
              {
                "password": "Jn5zvmCj6lfen74Wz7vgmHr4Ed6fcmm49orxbc7gvklZf6cwRvqEoxsYPRbR",
                "username": "$tfappserviceem-prod"
              }
            ],
            "source_control": [
              {
                "branch": "master",
                "manual_integration": false,
                "repo_url": "",
                "rollback_enabled": false,
                "use_mercurial": false
              }
            ],
            "storage_account": [],
            "tags": null,
            "timeouts": null
          },
          "sensitive_attributes": [],
          "private": "eyJlMmJmYjczMC1lY2FhLTExZTYtOGY4OC0zNDM2M2JjN2M0YzAiOnsiY3JlYXRlIjoxODAwMDAwMDAwMDAwLCJkZWxldGUiOjE4MDAwMDAwMDAwMDAsInJlYWQiOjMwMDAwMDAwMDAwMCwidXBkYXRlIjoxODAwMDAwMDAwMDAwfX0=",
          "dependencies": [
            "azurerm_app_service_plan.plan",
            "azurerm_resource_group.rg"
          ]
        }
      ]
    },
    {
      "mode": "managed",
      "type": "azurerm_app_service_plan",
      "name": "plan",
      "provider": "provider[\"registry.terraform.io/hashicorp/azurerm\"]",
      "instances": [
        {
          "schema_version": 0,
          "attributes": {
            "app_service_environment_id": "",
            "id": "/subscriptions/c9667bd5-073e-4417-87e8-c1bdcf155129/resourceGroups/appservice-prod/providers/Microsoft.Web/serverfarms/azureserviceplanprod",
            "is_xenon": false,
            "kind": "Windows",
            "location": "brazilsouth",
            "maximum_elastic_worker_count": 1,
            "maximum_number_of_workers": 10,
            "name": "azureserviceplanprod",
            "per_site_scaling": false,
            "reserved": false,
            "resource_group_name": "appservice-prod",
            "sku": [
              {
                "capacity": 1,
                "size": "S1",
                "tier": "Standard"
              }
            ],
            "tags": null,
            "timeouts": null,
            "zone_redundant": false
          },
          "sensitive_attributes": [],
          "private": "eyJlMmJmYjczMC1lY2FhLTExZTYtOGY4OC0zNDM2M2JjN2M0YzAiOnsiY3JlYXRlIjozNjAwMDAwMDAwMDAwLCJkZWxldGUiOjM2MDAwMDAwMDAwMDAsInJlYWQiOjMwMDAwMDAwMDAwMCwidXBkYXRlIjozNjAwMDAwMDAwMDAwfX0=",
          "dependencies": [
            "azurerm_resource_group.rg"
          ]
        }
      ]
    },
    {
      "mode": "managed",
      "type": "azurerm_resource_group",
      "name": "rg",
      "provider": "provider[\"registry.terraform.io/hashicorp/azurerm\"]",
      "instances": [
        {
          "schema_version": 0,
          "attributes": {
            "id": "/subscriptions/c9667bd5-073e-4417-87e8-c1bdcf155129/resourceGroups/appservice-prod",
            "location": "brazilsouth",
            "name": "appservice-prod",
            "tags": null,
            "timeouts": null
          },
          "sensitive_attributes": [],
          "private": "eyJlMmJmYjczMC1lY2FhLTExZTYtOGY4OC0zNDM2M2JjN2M0YzAiOnsiY3JlYXRlIjo1NDAwMDAwMDAwMDAwLCJkZWxldGUiOjU0MDAwMDAwMDAwMDAsInJlYWQiOjMwMDAwMDAwMDAwMCwidXBkYXRlIjo1NDAwMDAwMDAwMDAwfX0="
        }
      ]
    }
  ]
}
